{
  "nodes": {
    "flake-parts": {
      "inputs": {
        "nixpkgs-lib": "nixpkgs-lib"
      },
      "locked": {
        "lastModified": 1760948891,
        "narHash": "sha256-TmWcdiUUaWk8J4lpjzu4gCGxWY6/Ok7mOK4fIFfBuU4=",
        "owner": "hercules-ci",
        "repo": "flake-parts",
        "rev": "864599284fc7c0ba6357ed89ed5e2cd5040f0c04",
        "type": "github"
      },
      "original": {
        "owner": "hercules-ci",
        "repo": "flake-parts",
        "type": "github"
      }
    },
    "nixpkgs": {
      "locked": {
        "lastModified": 1761567207,
        "narHash": "sha256-KTNt6Uiw34xAETj3GFEL05xC5HChW2py/9PTnTBTong=",
        "owner": "nixos",
        "repo": "nixpkgs",
        "rev": "55f9ab9e87f5e2822e9e5e6ef64ab72aabc63085",
        "type": "github"
      },
      "original": {
        "owner": "nixos",
        "repo": "nixpkgs",
        "type": "github"
      }
    },
    "nixpkgs-lib": {
      "locked": {
        "lastModified": 1754788789,
        "narHash": "sha256-x2rJ+Ovzq0sCMpgfgGaaqgBSwY+LST+WbZ6TytnT9Rk=",
        "owner": "nix-community",
        "repo": "nixpkgs.lib",
        "rev": "a73b9c743612e4244d865a2fdee11865283c04e6",
        "type": "github"
      },
      "original": {
        "owner": "nix-community",
        "repo": "nixpkgs.lib",
        "type": "github"
      }
    },
    "patched-nixpkgs": {
      "locked": {
        "lastModified": 1760044079,
        "narHash": "sha256-3MeHUpOhPGHf/6y+uU2lJ7JZbgirUPbNlEU2+C1CQSU=",
        "owner": "TomaSajt",
        "repo": "nixpkgs",
        "rev": "45391ec9781b5d142d09dd005342a26c2aaa5be7",
        "type": "github"
      },
      "original": {
        "owner": "TomaSajt",
        "ref": "fetch-cargo-vendor-dup",
        "repo": "nixpkgs",
        "type": "github"
      }
    },
    "root": {
      "inputs": {
        "flake-parts": "flake-parts",
        "nixpkgs": "nixpkgs",
        "patched-nixpkgs": "patched-nixpkgs"
      }
    }
  },
  "root": "root",
  "version": 7
}
